
Microsoft Visual Studio Solution File, Format Version 12.00
# Visual Studio Version 17
VisualStudioVersion = 17.10.35027.167
MinimumVisualStudioVersion = 10.0.40219.1
Project("{FAE04EC0-301F-11D3-BF4B-00C04F79EFBC}") = "NewMortgageCalculator", "NewMortgageCalculator.csproj", "{ACB39BF4-3C01-4948-98F4-7135B0476824}"
EndProject
Project("{FAE04EC0-301F-11D3-BF4B-00C04F79EFBC}") = "NewMortgageCalculatorTest", "..\NewMortgageCalculatorTest\NewMortgageCalculatorTest.csproj", "{1F31D99B-9050-4585-8BE3-81156479A800}"
EndProject
Global
	GlobalSection(SolutionConfigurationPlatforms) = preSolution
		Debug|Any CPU = Debug|Any CPU
		Release|Any CPU = Release|Any CPU
	EndGlobalSection
	GlobalSection(ProjectConfigurationPlatforms) = postSolution
		{ACB39BF4-3C01-4948-98F4-7135B0476824}.Debug|Any CPU.ActiveCfg = Debug|Any CPU
		{ACB39BF4-3C01-4948-98F4-7135B0476824}.Debug|Any CPU.Build.0 = Debug|Any CPU
		{ACB39BF4-3C01-4948-98F4-7135B0476824}.Release|Any CPU.ActiveCfg = Release|Any CPU
		{ACB39BF4-3C01-4948-98F4-7135B0476824}.Release|Any CPU.Build.0 = Release|Any CPU
		{1F31D99B-9050-4585-8BE3-81156479A800}.Debug|Any CPU.ActiveCfg = Debug|Any CPU
		{1F31D99B-9050-4585-8BE3-81156479A800}.Debug|Any CPU.Build.0 = Debug|Any CPU
		{1F31D99B-9050-4585-8BE3-81156479A800}.Release|Any CPU.ActiveCfg = Release|Any CPU
		{1F31D99B-9050-4585-8BE3-81156479A800}.Release|Any CPU.Build.0 = Release|Any CPU
	EndGlobalSection
	GlobalSection(SolutionProperties) = preSolution
		HideSolutionNode = FALSE
	EndGlobalSection
	GlobalSection(ExtensibilityGlobals) = postSolution
		SolutionGuid = {55ECA630-384F-4C06-94C4-058E51A5E756}
	EndGlobalSection
EndGlobal
